<?xml version="1.0" encoding="utf-8"?>
<Project ToolsVersion="4.0" xmlns="http://schemas.microsoft.com/developer/msbuild/2003">
  <ItemGroup>
    <Filter Include="Source Files">
      <UniqueIdentifier>{4FC737F1-C7A5-4376-A066-2A32D752A2FF}</UniqueIdentifier>
      <Extensions>cpp;c;cc;cxx;def;odl;idl;hpj;bat;asm;asmx</Extensions>
    </Filter>
    <Filter Include="Header Files">
      <UniqueIdentifier>{93995380-89BD-4b04-88EB-625FBE52EBFB}</UniqueIdentifier>
      <Extensions>h;hh;hpp;hxx;hm;inl;inc;ipp;xsd</Extensions>
    </Filter>
    <Filter Include="Fortnite">
      <UniqueIdentifier>{A1B2C3D4-E5F6-7890-ABCD-EF1234567890}</UniqueIdentifier>
    </Filter>
    <Filter Include="UEFN">
      <UniqueIdentifier>{B2C3D4E5-F6A7-8901-BCDE-FA2345678901}</UniqueIdentifier>
    </Filter>
  </ItemGroup>
  <ItemGroup>
    <ClCompile Include="Fortnite\pch.cpp">
      <Filter>Fortnite</Filter>
    </ClCompile>
    <ClCompile Include="Fortnite\Config.cpp">
      <Filter>Fortnite</Filter>
    </ClCompile>
    <ClCompile Include="Fortnite\redirection.cpp">
      <Filter>Fortnite</Filter>
    </ClCompile>
    <ClCompile Include="Fortnite\Hooks.cpp">
      <Filter>Fortnite</Filter>
    </ClCompile>
    <ClCompile Include="Fortnite\Patches.cpp">
      <Filter>Fortnite</Filter>
    </ClCompile>
    <ClCompile Include="Fortnite\DllMain.cpp">
      <Filter>Fortnite</Filter>
    </ClCompile>
    <ClCompile Include="UEFN\DllMain.cpp">
      <Filter>UEFN</Filter>
    </ClCompile>
  </ItemGroup>
  <ItemGroup>
    <ClInclude Include="Fortnite\Authy.h">
      <Filter>Fortnite</Filter>
    </ClInclude>
    <ClInclude Include="Fortnite\pch.h">
      <Filter>Fortnite</Filter>
    </ClInclude>
    <ClInclude Include="Fortnite\Config.h">
      <Filter>Fortnite</Filter>
    </ClInclude>
    <ClInclude Include="Fortnite\Redirection.h">
      <Filter>Fortnite</Filter>
    </ClInclude>
    <ClInclude Include="Fortnite\Hooks.h">
      <Filter>Fortnite</Filter>
    </ClInclude>
    <ClInclude Include="Fortnite\Patches.h">
      <Filter>Fortnite</Filter>
    </ClInclude>
    <ClInclude Include="Fortnite\MinHook.h">
      <Filter>Fortnite</Filter>
    </ClInclude>
    <ClInclude Include="UEFN\UEFN.h">
      <Filter>UEFN</Filter>
    </ClInclude>
  </ItemGroup>
</Project>
